
Microsoft Visual Studio Solution File, Format Version 12.00
# Visual Studio Version 17
VisualStudioVersion = 17.4.33213.308
MinimumVisualStudioVersion = 10.0.40219.1
Project("{FAE04EC0-301F-11D3-BF4B-00C04F79EFBC}") = "Pinger", "Pinger.csproj", "{FDCC1B15-96DC-4CE0-AD8E-FC1969FD7844}"
EndProject
Global
	GlobalSection(SolutionConfigurationPlatforms) = preSolution
		Debug|Any CPU = Debug|Any CPU
		Release|Any CPU = Release|Any CPU
	EndGlobalSection
	GlobalSection(ProjectConfigurationPlatforms) = postSolution
		{FDCC1B15-96DC-4CE0-AD8E-FC1969FD7844}.Debug|Any CPU.ActiveCfg = Debug|Any CPU
		{FDCC1B15-96DC-4CE0-AD8E-FC1969FD7844}.Debug|Any CPU.Build.0 = Debug|Any CPU
		{FDCC1B15-96DC-4CE0-AD8E-FC1969FD7844}.Release|Any CPU.ActiveCfg = Release|Any CPU
		{FDCC1B15-96DC-4CE0-AD8E-FC1969FD7844}.Release|Any CPU.Build.0 = Release|Any CPU
	EndGlobalSection
	GlobalSection(SolutionProperties) = preSolution
		HideSolutionNode = FALSE
	EndGlobalSection
	GlobalSection(ExtensibilityGlobals) = postSolution
		SolutionGuid = {EB8CA0F2-3C35-49FF-9C54-EAEE223817E4}
	EndGlobalSection
EndGlobal
